
Microsoft Visual Studio Solution File, Format Version 12.00
# Visual Studio Version 17
VisualStudioVersion = 17.5.33414.496
MinimumVisualStudioVersion = 10.0.40219.1
Project("{FAE04EC0-301F-11D3-BF4B-00C04F79EFBC}") = "Calculator", "Calculator.csproj", "{ECADB0A5-32D0-4EFC-8271-181957792EBC}"
EndProject
Global
	GlobalSection(SolutionConfigurationPlatforms) = preSolution
		Debug|Any CPU = Debug|Any CPU
		Release|Any CPU = Release|Any CPU
	EndGlobalSection
	GlobalSection(ProjectConfigurationPlatforms) = postSolution
		{ECADB0A5-32D0-4EFC-8271-181957792EBC}.Debug|Any CPU.ActiveCfg = Debug|Any CPU
		{ECADB0A5-32D0-4EFC-8271-181957792EBC}.Debug|Any CPU.Build.0 = Debug|Any CPU
		{ECADB0A5-32D0-4EFC-8271-181957792EBC}.Release|Any CPU.ActiveCfg = Release|Any CPU
		{ECADB0A5-32D0-4EFC-8271-181957792EBC}.Release|Any CPU.Build.0 = Release|Any CPU
	EndGlobalSection
	GlobalSection(SolutionProperties) = preSolution
		HideSolutionNode = FALSE
	EndGlobalSection
	GlobalSection(ExtensibilityGlobals) = postSolution
		SolutionGuid = {18CAC801-41AB-4026-8F36-A84344F601DC}
	EndGlobalSection
EndGlobal
